
Microsoft Visual Studio Solution File, Format Version 12.00
# Visual Studio Version 17
VisualStudioVersion = 17.0.32112.339
MinimumVisualStudioVersion = 10.0.40219.1
Project("{FAE04EC0-301F-11D3-BF4B-00C04F79EFBC}") = "Project_Dodge_1.1", "Project_Dodge_1.1\Project_Dodge_1.1.csproj", "{3800B90C-EE02-4FF6-B879-67019775676E}"
EndProject
Project("{FAE04EC0-301F-11D3-BF4B-00C04F79EFBC}") = "Logic", "Logic\Logic.csproj", "{C7ED4762-47D6-4D08-8897-D2B1C598507A}"
EndProject
Project("{FAE04EC0-301F-11D3-BF4B-00C04F79EFBC}") = "Character", "Character\Character.csproj", "{485B28CC-5F4C-4F11-9C79-9E3DD48E1DA0}"
EndProject
Global
	GlobalSection(SolutionConfigurationPlatforms) = preSolution
		Debug|Any CPU = Debug|Any CPU
		Debug|ARM = Debug|ARM
		Debug|ARM64 = Debug|ARM64
		Debug|x64 = Debug|x64
		Debug|x86 = Debug|x86
		Release|Any CPU = Release|Any CPU
		Release|ARM = Release|ARM
		Release|ARM64 = Release|ARM64
		Release|x64 = Release|x64
		Release|x86 = Release|x86
	EndGlobalSection
	GlobalSection(ProjectConfigurationPlatforms) = postSolution
		{3800B90C-EE02-4FF6-B879-67019775676E}.Debug|Any CPU.ActiveCfg = Debug|x64
		{3800B90C-EE02-4FF6-B879-67019775676E}.Debug|Any CPU.Build.0 = Debug|x64
		{3800B90C-EE02-4FF6-B879-67019775676E}.Debug|Any CPU.Deploy.0 = Debug|x64
		{3800B90C-EE02-4FF6-B879-67019775676E}.Debug|ARM.ActiveCfg = Debug|ARM
		{3800B90C-EE02-4FF6-B879-67019775676E}.Debug|ARM.Build.0 = Debug|ARM
		{3800B90C-EE02-4FF6-B879-67019775676E}.Debug|ARM.Deploy.0 = Debug|ARM
		{3800B90C-EE02-4FF6-B879-67019775676E}.Debug|ARM64.ActiveCfg = Debug|ARM64
		{3800B90C-EE02-4FF6-B879-67019775676E}.Debug|ARM64.Build.0 = Debug|ARM64
		{3800B90C-EE02-4FF6-B879-67019775676E}.Debug|ARM64.Deploy.0 = Debug|ARM64
		{3800B90C-EE02-4FF6-B879-67019775676E}.Debug|x64.ActiveCfg = Debug|x64
		{3800B90C-EE02-4FF6-B879-67019775676E}.Debug|x64.Build.0 = Debug|x64
		{3800B90C-EE02-4FF6-B879-67019775676E}.Debug|x64.Deploy.0 = Debug|x64
		{3800B90C-EE02-4FF6-B879-67019775676E}.Debug|x86.ActiveCfg = Debug|x86
		{3800B90C-EE02-4FF6-B879-67019775676E}.Debug|x86.Build.0 = Debug|x86
		{3800B90C-EE02-4FF6-B879-67019775676E}.Debug|x86.Deploy.0 = Debug|x86
		{3800B90C-EE02-4FF6-B879-67019775676E}.Release|Any CPU.ActiveCfg = Release|x64
		{3800B90C-EE02-4FF6-B879-67019775676E}.Release|Any CPU.Build.0 = Release|x64
		{3800B90C-EE02-4FF6-B879-67019775676E}.Release|Any CPU.Deploy.0 = Release|x64
		{3800B90C-EE02-4FF6-B879-67019775676E}.Release|ARM.ActiveCfg = Release|ARM
		{3800B90C-EE02-4FF6-B879-67019775676E}.Release|ARM.Build.0 = Release|ARM
		{3800B90C-EE02-4FF6-B879-67019775676E}.Release|ARM.Deploy.0 = Release|ARM
		{3800B90C-EE02-4FF6-B879-67019775676E}.Release|ARM64.ActiveCfg = Release|ARM64
		{3800B90C-EE02-4FF6-B879-67019775676E}.Release|ARM64.Build.0 = Release|ARM64
		{3800B90C-EE02-4FF6-B879-67019775676E}.Release|ARM64.Deploy.0 = Release|ARM64
		{3800B90C-EE02-4FF6-B879-67019775676E}.Release|x64.ActiveCfg = Release|x64
		{3800B90C-EE02-4FF6-B879-67019775676E}.Release|x64.Build.0 = Release|x64
		{3800B90C-EE02-4FF6-B879-67019775676E}.Release|x64.Deploy.0 = Release|x64
		{3800B90C-EE02-4FF6-B879-67019775676E}.Release|x86.ActiveCfg = Release|x86
		{3800B90C-EE02-4FF6-B879-67019775676E}.Release|x86.Build.0 = Release|x86
		{3800B90C-EE02-4FF6-B879-67019775676E}.Release|x86.Deploy.0 = Release|x86
		{C7ED4762-47D6-4D08-8897-D2B1C598507A}.Debug|Any CPU.ActiveCfg = Debug|Any CPU
		{C7ED4762-47D6-4D08-8897-D2B1C598507A}.Debug|Any CPU.Build.0 = Debug|Any CPU
		{C7ED4762-47D6-4D08-8897-D2B1C598507A}.Debug|ARM.ActiveCfg = Debug|ARM
		{C7ED4762-47D6-4D08-8897-D2B1C598507A}.Debug|ARM.Build.0 = Debug|ARM
		{C7ED4762-47D6-4D08-8897-D2B1C598507A}.Debug|ARM64.ActiveCfg = Debug|ARM64
		{C7ED4762-47D6-4D08-8897-D2B1C598507A}.Debug|ARM64.Build.0 = Debug|ARM64
		{C7ED4762-47D6-4D08-8897-D2B1C598507A}.Debug|x64.ActiveCfg = Debug|x64
		{C7ED4762-47D6-4D08-8897-D2B1C598507A}.Debug|x64.Build.0 = Debug|x64
		{C7ED4762-47D6-4D08-8897-D2B1C598507A}.Debug|x86.ActiveCfg = Debug|x86
		{C7ED4762-47D6-4D08-8897-D2B1C598507A}.Debug|x86.Build.0 = Debug|x86
		{C7ED4762-47D6-4D08-8897-D2B1C598507A}.Release|Any CPU.ActiveCfg = Release|Any CPU
		{C7ED4762-47D6-4D08-8897-D2B1C598507A}.Release|Any CPU.Build.0 = Release|Any CPU
		{C7ED4762-47D6-4D08-8897-D2B1C598507A}.Release|ARM.ActiveCfg = Release|ARM
		{C7ED4762-47D6-4D08-8897-D2B1C598507A}.Release|ARM.Build.0 = Release|ARM
		{C7ED4762-47D6-4D08-8897-D2B1C598507A}.Release|ARM64.ActiveCfg = Release|ARM64
		{C7ED4762-47D6-4D08-8897-D2B1C598507A}.Release|ARM64.Build.0 = Release|ARM64
		{C7ED4762-47D6-4D08-8897-D2B1C598507A}.Release|x64.ActiveCfg = Release|x64
		{C7ED4762-47D6-4D08-8897-D2B1C598507A}.Release|x64.Build.0 = Release|x64
		{C7ED4762-47D6-4D08-8897-D2B1C598507A}.Release|x86.ActiveCfg = Release|x86
		{C7ED4762-47D6-4D08-8897-D2B1C598507A}.Release|x86.Build.0 = Release|x86
		{485B28CC-5F4C-4F11-9C79-9E3DD48E1DA0}.Debug|Any CPU.ActiveCfg = Debug|Any CPU
		{485B28CC-5F4C-4F11-9C79-9E3DD48E1DA0}.Debug|Any CPU.Build.0 = Debug|Any CPU
		{485B28CC-5F4C-4F11-9C79-9E3DD48E1DA0}.Debug|ARM.ActiveCfg = Debug|ARM
		{485B28CC-5F4C-4F11-9C79-9E3DD48E1DA0}.Debug|ARM.Build.0 = Debug|ARM
		{485B28CC-5F4C-4F11-9C79-9E3DD48E1DA0}.Debug|ARM64.ActiveCfg = Debug|ARM64
		{485B28CC-5F4C-4F11-9C79-9E3DD48E1DA0}.Debug|ARM64.Build.0 = Debug|ARM64
		{485B28CC-5F4C-4F11-9C79-9E3DD48E1DA0}.Debug|x64.ActiveCfg = Debug|x64
		{485B28CC-5F4C-4F11-9C79-9E3DD48E1DA0}.Debug|x64.Build.0 = Debug|x64
		{485B28CC-5F4C-4F11-9C79-9E3DD48E1DA0}.Debug|x86.ActiveCfg = Debug|x86
		{485B28CC-5F4C-4F11-9C79-9E3DD48E1DA0}.Debug|x86.Build.0 = Debug|x86
		{485B28CC-5F4C-4F11-9C79-9E3DD48E1DA0}.Release|Any CPU.ActiveCfg = Release|Any CPU
		{485B28CC-5F4C-4F11-9C79-9E3DD48E1DA0}.Release|Any CPU.Build.0 = Release|Any CPU
		{485B28CC-5F4C-4F11-9C79-9E3DD48E1DA0}.Release|ARM.ActiveCfg = Release|ARM
		{485B28CC-5F4C-4F11-9C79-9E3DD48E1DA0}.Release|ARM.Build.0 = Release|ARM
		{485B28CC-5F4C-4F11-9C79-9E3DD48E1DA0}.Release|ARM64.ActiveCfg = Release|ARM64
		{485B28CC-5F4C-4F11-9C79-9E3DD48E1DA0}.Release|ARM64.Build.0 = Release|ARM64
		{485B28CC-5F4C-4F11-9C79-9E3DD48E1DA0}.Release|x64.ActiveCfg = Release|x64
		{485B28CC-5F4C-4F11-9C79-9E3DD48E1DA0}.Release|x64.Build.0 = Release|x64
		{485B28CC-5F4C-4F11-9C79-9E3DD48E1DA0}.Release|x86.ActiveCfg = Release|x86
		{485B28CC-5F4C-4F11-9C79-9E3DD48E1DA0}.Release|x86.Build.0 = Release|x86
	EndGlobalSection
	GlobalSection(SolutionProperties) = preSolution
		HideSolutionNode = FALSE
	EndGlobalSection
	GlobalSection(ExtensibilityGlobals) = postSolution
		SolutionGuid = {566526F4-AA74-4153-8479-56C297055E24}
	EndGlobalSection
EndGlobal
